
Microsoft Visual Studio Solution File, Format Version 12.00
# Visual Studio Version 17
VisualStudioVersion = 17.6.33829.357
MinimumVisualStudioVersion = 10.0.40219.1
Project("{9A19103F-16F7-4668-BE54-9A1E7A4F7556}") = "BlazorAnimationIssueSignalR", "BlazorAnimationIssue\BlazorAnimationIssueSignalR.csproj", "{70DEA307-F573-4985-BFD7-59D2AFEAD016}"
EndProject
Project("{9A19103F-16F7-4668-BE54-9A1E7A4F7556}") = "RazorClassLibrary1", "RazorClassLibrary1\RazorClassLibrary1.csproj", "{F15F573E-58F6-4F64-83B9-781CB9A65931}"
EndProject
Project("{9A19103F-16F7-4668-BE54-9A1E7A4F7556}") = "BlazorAnimationIssueMaui", "BlazorAnimationIssueMaui\BlazorAnimationIssueMaui.csproj", "{82C88D5C-9E41-460F-B021-8CBA35C392E4}"
EndProject
Project("{9A19103F-16F7-4668-BE54-9A1E7A4F7556}") = "BlazorAnimationIssueWebAssembly", "BlazorAnimationIssueWebAssembly\BlazorAnimationIssueWebAssembly.csproj", "{1BAC9B1B-2764-47A0-9B45-AE8A5947B31F}"
EndProject
Global
	GlobalSection(SolutionConfigurationPlatforms) = preSolution
		Debug|Any CPU = Debug|Any CPU
		Release|Any CPU = Release|Any CPU
	EndGlobalSection
	GlobalSection(ProjectConfigurationPlatforms) = postSolution
		{70DEA307-F573-4985-BFD7-59D2AFEAD016}.Debug|Any CPU.ActiveCfg = Debug|Any CPU
		{70DEA307-F573-4985-BFD7-59D2AFEAD016}.Debug|Any CPU.Build.0 = Debug|Any CPU
		{70DEA307-F573-4985-BFD7-59D2AFEAD016}.Release|Any CPU.ActiveCfg = Release|Any CPU
		{70DEA307-F573-4985-BFD7-59D2AFEAD016}.Release|Any CPU.Build.0 = Release|Any CPU
		{F15F573E-58F6-4F64-83B9-781CB9A65931}.Debug|Any CPU.ActiveCfg = Debug|Any CPU
		{F15F573E-58F6-4F64-83B9-781CB9A65931}.Debug|Any CPU.Build.0 = Debug|Any CPU
		{F15F573E-58F6-4F64-83B9-781CB9A65931}.Release|Any CPU.ActiveCfg = Release|Any CPU
		{F15F573E-58F6-4F64-83B9-781CB9A65931}.Release|Any CPU.Build.0 = Release|Any CPU
		{82C88D5C-9E41-460F-B021-8CBA35C392E4}.Debug|Any CPU.ActiveCfg = Debug|Any CPU
		{82C88D5C-9E41-460F-B021-8CBA35C392E4}.Debug|Any CPU.Build.0 = Debug|Any CPU
		{82C88D5C-9E41-460F-B021-8CBA35C392E4}.Debug|Any CPU.Deploy.0 = Debug|Any CPU
		{82C88D5C-9E41-460F-B021-8CBA35C392E4}.Release|Any CPU.ActiveCfg = Release|Any CPU
		{82C88D5C-9E41-460F-B021-8CBA35C392E4}.Release|Any CPU.Build.0 = Release|Any CPU
		{82C88D5C-9E41-460F-B021-8CBA35C392E4}.Release|Any CPU.Deploy.0 = Release|Any CPU
		{1BAC9B1B-2764-47A0-9B45-AE8A5947B31F}.Debug|Any CPU.ActiveCfg = Debug|Any CPU
		{1BAC9B1B-2764-47A0-9B45-AE8A5947B31F}.Debug|Any CPU.Build.0 = Debug|Any CPU
		{1BAC9B1B-2764-47A0-9B45-AE8A5947B31F}.Release|Any CPU.ActiveCfg = Release|Any CPU
		{1BAC9B1B-2764-47A0-9B45-AE8A5947B31F}.Release|Any CPU.Build.0 = Release|Any CPU
	EndGlobalSection
	GlobalSection(SolutionProperties) = preSolution
		HideSolutionNode = FALSE
	EndGlobalSection
	GlobalSection(ExtensibilityGlobals) = postSolution
		SolutionGuid = {29185C69-B263-4D9D-AA15-55DFAA4F6E9A}
	EndGlobalSection
EndGlobal
